
Microsoft Visual Studio Solution File, Format Version 12.00
# Visual Studio 14
VisualStudioVersion = 14.0.25420.1
MinimumVisualStudioVersion = 10.0.40219.1
Project("{8BC9CEB8-8B4A-11D0-8D11-00A0C91BC942}") = "stream_client_blocking_example", "stream_client_blocking_example\stream_client_blocking_example.vcxproj", "{36D5E007-72F6-4154-9EDE-3093DE16C3F5}"
EndProject
Project("{8BC9CEB8-8B4A-11D0-8D11-00A0C91BC942}") = "stream_client_mixed_types_blocking_example", "stream_client_mixed_types_blocking_example\stream_client_mixed_types_blocking_example.vcxproj", "{9509F924-011C-47D8-A674-67DCAB4D98FB}"
EndProject
Project("{8BC9CEB8-8B4A-11D0-8D11-00A0C91BC942}") = "stream_client_mixed_types_nonblocking_example", "stream_client_mixed_types_nonblocking_example\stream_client_mixed_types_nonblocking_example.vcxproj", "{F7A1DFB4-C0F4-44EB-A438-700A6A1896FA}"
EndProject
Project("{8BC9CEB8-8B4A-11D0-8D11-00A0C91BC942}") = "stream_client_nonblocking_example", "stream_client_nonblocking_example\stream_client_nonblocking_example.vcxproj", "{12CA7914-8227-483E-860C-A158A9C03DF2}"
EndProject
Project("{8BC9CEB8-8B4A-11D0-8D11-00A0C91BC942}") = "stream_server_blocking_example", "stream_server_blocking_example\stream_server_blocking_example.vcxproj", "{F037F089-AEE8-4799-AA45-85E1380B7C49}"
EndProject
Project("{8BC9CEB8-8B4A-11D0-8D11-00A0C91BC942}") = "stream_server_mixed_types_blocking_example", "stream_server_mixed_types_blocking_example\stream_server_mixed_types_blocking_example.vcxproj", "{2DEAE7B8-5A37-4BA8-9509-384D3BF96F7C}"
EndProject
Project("{8BC9CEB8-8B4A-11D0-8D11-00A0C91BC942}") = "stream_server_mixed_types_nonblocking_example", "stream_server_mixed_types_nonblocking_example\stream_server_mixed_types_nonblocking_example.vcxproj", "{DCF75573-1B81-4D52-A416-519F4554F1A8}"
EndProject
Project("{8BC9CEB8-8B4A-11D0-8D11-00A0C91BC942}") = "stream_server_nonblocking_example", "stream_server_nonblocking_example\stream_server_nonblocking_example.vcxproj", "{045F991D-E0AC-48D1-ACCA-86D075DCC7EE}"
EndProject
Global
	GlobalSection(SolutionConfigurationPlatforms) = preSolution
		Debug|x64 = Debug|x64
		Debug|x86 = Debug|x86
		Release|x64 = Release|x64
		Release|x86 = Release|x86
	EndGlobalSection
	GlobalSection(ProjectConfigurationPlatforms) = postSolution
		{36D5E007-72F6-4154-9EDE-3093DE16C3F5}.Debug|x64.ActiveCfg = Debug|x64
		{36D5E007-72F6-4154-9EDE-3093DE16C3F5}.Debug|x64.Build.0 = Debug|x64
		{36D5E007-72F6-4154-9EDE-3093DE16C3F5}.Debug|x86.ActiveCfg = Debug|Win32
		{36D5E007-72F6-4154-9EDE-3093DE16C3F5}.Debug|x86.Build.0 = Debug|Win32
		{36D5E007-72F6-4154-9EDE-3093DE16C3F5}.Release|x64.ActiveCfg = Release|x64
		{36D5E007-72F6-4154-9EDE-3093DE16C3F5}.Release|x64.Build.0 = Release|x64
		{36D5E007-72F6-4154-9EDE-3093DE16C3F5}.Release|x86.ActiveCfg = Release|Win32
		{36D5E007-72F6-4154-9EDE-3093DE16C3F5}.Release|x86.Build.0 = Release|Win32
		{9509F924-011C-47D8-A674-67DCAB4D98FB}.Debug|x64.ActiveCfg = Debug|x64
		{9509F924-011C-47D8-A674-67DCAB4D98FB}.Debug|x64.Build.0 = Debug|x64
		{9509F924-011C-47D8-A674-67DCAB4D98FB}.Debug|x86.ActiveCfg = Debug|Win32
		{9509F924-011C-47D8-A674-67DCAB4D98FB}.Debug|x86.Build.0 = Debug|Win32
		{9509F924-011C-47D8-A674-67DCAB4D98FB}.Release|x64.ActiveCfg = Release|x64
		{9509F924-011C-47D8-A674-67DCAB4D98FB}.Release|x64.Build.0 = Release|x64
		{9509F924-011C-47D8-A674-67DCAB4D98FB}.Release|x86.ActiveCfg = Release|Win32
		{9509F924-011C-47D8-A674-67DCAB4D98FB}.Release|x86.Build.0 = Release|Win32
		{F7A1DFB4-C0F4-44EB-A438-700A6A1896FA}.Debug|x64.ActiveCfg = Debug|x64
		{F7A1DFB4-C0F4-44EB-A438-700A6A1896FA}.Debug|x64.Build.0 = Debug|x64
		{F7A1DFB4-C0F4-44EB-A438-700A6A1896FA}.Debug|x86.ActiveCfg = Debug|Win32
		{F7A1DFB4-C0F4-44EB-A438-700A6A1896FA}.Debug|x86.Build.0 = Debug|Win32
		{F7A1DFB4-C0F4-44EB-A438-700A6A1896FA}.Release|x64.ActiveCfg = Release|x64
		{F7A1DFB4-C0F4-44EB-A438-700A6A1896FA}.Release|x64.Build.0 = Release|x64
		{F7A1DFB4-C0F4-44EB-A438-700A6A1896FA}.Release|x86.ActiveCfg = Release|Win32
		{F7A1DFB4-C0F4-44EB-A438-700A6A1896FA}.Release|x86.Build.0 = Release|Win32
		{12CA7914-8227-483E-860C-A158A9C03DF2}.Debug|x64.ActiveCfg = Debug|x64
		{12CA7914-8227-483E-860C-A158A9C03DF2}.Debug|x64.Build.0 = Debug|x64
		{12CA7914-8227-483E-860C-A158A9C03DF2}.Debug|x86.ActiveCfg = Debug|Win32
		{12CA7914-8227-483E-860C-A158A9C03DF2}.Debug|x86.Build.0 = Debug|Win32
		{12CA7914-8227-483E-860C-A158A9C03DF2}.Release|x64.ActiveCfg = Release|x64
		{12CA7914-8227-483E-860C-A158A9C03DF2}.Release|x64.Build.0 = Release|x64
		{12CA7914-8227-483E-860C-A158A9C03DF2}.Release|x86.ActiveCfg = Release|Win32
		{12CA7914-8227-483E-860C-A158A9C03DF2}.Release|x86.Build.0 = Release|Win32
		{F037F089-AEE8-4799-AA45-85E1380B7C49}.Debug|x64.ActiveCfg = Debug|x64
		{F037F089-AEE8-4799-AA45-85E1380B7C49}.Debug|x64.Build.0 = Debug|x64
		{F037F089-AEE8-4799-AA45-85E1380B7C49}.Debug|x86.ActiveCfg = Debug|Win32
		{F037F089-AEE8-4799-AA45-85E1380B7C49}.Debug|x86.Build.0 = Debug|Win32
		{F037F089-AEE8-4799-AA45-85E1380B7C49}.Release|x64.ActiveCfg = Release|x64
		{F037F089-AEE8-4799-AA45-85E1380B7C49}.Release|x64.Build.0 = Release|x64
		{F037F089-AEE8-4799-AA45-85E1380B7C49}.Release|x86.ActiveCfg = Release|Win32
		{F037F089-AEE8-4799-AA45-85E1380B7C49}.Release|x86.Build.0 = Release|Win32
		{2DEAE7B8-5A37-4BA8-9509-384D3BF96F7C}.Debug|x64.ActiveCfg = Debug|x64
		{2DEAE7B8-5A37-4BA8-9509-384D3BF96F7C}.Debug|x64.Build.0 = Debug|x64
		{2DEAE7B8-5A37-4BA8-9509-384D3BF96F7C}.Debug|x86.ActiveCfg = Debug|Win32
		{2DEAE7B8-5A37-4BA8-9509-384D3BF96F7C}.Debug|x86.Build.0 = Debug|Win32
		{2DEAE7B8-5A37-4BA8-9509-384D3BF96F7C}.Release|x64.ActiveCfg = Release|x64
		{2DEAE7B8-5A37-4BA8-9509-384D3BF96F7C}.Release|x64.Build.0 = Release|x64
		{2DEAE7B8-5A37-4BA8-9509-384D3BF96F7C}.Release|x86.ActiveCfg = Release|Win32
		{2DEAE7B8-5A37-4BA8-9509-384D3BF96F7C}.Release|x86.Build.0 = Release|Win32
		{DCF75573-1B81-4D52-A416-519F4554F1A8}.Debug|x64.ActiveCfg = Debug|x64
		{DCF75573-1B81-4D52-A416-519F4554F1A8}.Debug|x64.Build.0 = Debug|x64
		{DCF75573-1B81-4D52-A416-519F4554F1A8}.Debug|x86.ActiveCfg = Debug|Win32
		{DCF75573-1B81-4D52-A416-519F4554F1A8}.Debug|x86.Build.0 = Debug|Win32
		{DCF75573-1B81-4D52-A416-519F4554F1A8}.Release|x64.ActiveCfg = Release|x64
		{DCF75573-1B81-4D52-A416-519F4554F1A8}.Release|x64.Build.0 = Release|x64
		{DCF75573-1B81-4D52-A416-519F4554F1A8}.Release|x86.ActiveCfg = Release|Win32
		{DCF75573-1B81-4D52-A416-519F4554F1A8}.Release|x86.Build.0 = Release|Win32
		{045F991D-E0AC-48D1-ACCA-86D075DCC7EE}.Debug|x64.ActiveCfg = Debug|x64
		{045F991D-E0AC-48D1-ACCA-86D075DCC7EE}.Debug|x64.Build.0 = Debug|x64
		{045F991D-E0AC-48D1-ACCA-86D075DCC7EE}.Debug|x86.ActiveCfg = Debug|Win32
		{045F991D-E0AC-48D1-ACCA-86D075DCC7EE}.Debug|x86.Build.0 = Debug|Win32
		{045F991D-E0AC-48D1-ACCA-86D075DCC7EE}.Release|x64.ActiveCfg = Release|x64
		{045F991D-E0AC-48D1-ACCA-86D075DCC7EE}.Release|x64.Build.0 = Release|x64
		{045F991D-E0AC-48D1-ACCA-86D075DCC7EE}.Release|x86.ActiveCfg = Release|Win32
		{045F991D-E0AC-48D1-ACCA-86D075DCC7EE}.Release|x86.Build.0 = Release|Win32
	EndGlobalSection
	GlobalSection(SolutionProperties) = preSolution
		HideSolutionNode = FALSE
	EndGlobalSection
EndGlobal
